<?xml version="1.0" encoding="utf-8"?>
<Project ToolsVersion="4.0" xmlns="http://schemas.microsoft.com/developer/msbuild/2003">
  <ItemGroup>
    <Filter Include="Source Files">
      <UniqueIdentifier>{4FC737F1-C7A5-4376-A066-2A32D752A2FF}</UniqueIdentifier>
      <Extensions>cpp;c;cc;cxx;c++;cppm;ixx;def;odl;idl;hpj;bat;asm;asmx</Extensions>
    </Filter>
    <Filter Include="Header Files">
      <UniqueIdentifier>{93995380-89BD-4b04-88EB-625FBE52EBFB}</UniqueIdentifier>
      <Extensions>h;hh;hpp;hxx;h++;hm;inl;inc;ipp;xsd</Extensions>
    </Filter>
    <Filter Include="Resource Files">
      <UniqueIdentifier>{67DA6AB6-F800-4c08-8B7A-83BB121AAD01}</UniqueIdentifier>
      <Extensions>rc;ico;cur;bmp;dlg;rc2;rct;bin;rgs;gif;jpg;jpeg;jpe;resx;tiff;tif;png;wav;mfcribbon-ms</Extensions>
    </Filter>
  </ItemGroup>
  <ItemGroup>
    <ClInclude Include="framework.h">
      <Filter>Header Files</Filter>
    </ClInclude>
    <ClInclude Include="pch.h">
      <Filter>Header Files</Filter>
    </ClInclude>
    <ClInclude Include="SDK\UtfN.hpp">
      <Filter>Header Files</Filter>
    </ClInclude>
    <ClInclude Include="SDK\UnrealContainers.hpp">
      <Filter>Header Files</Filter>
    </ClInclude>
    <ClInclude Include="SDK\SDK.hpp">
      <Filter>Header Files</Filter>
    </ClInclude>
    <ClInclude Include="SDK\PropertyFixup.hpp">
      <Filter>Header Files</Filter>
    </ClInclude>
    <ClInclude Include="SDK\SDK\Basic.hpp">
      <Filter>Header Files</Filter>
    </ClInclude>
    <ClInclude Include="SDK\SDK\CoreUObject_classes.hpp">
      <Filter>Header Files</Filter>
    </ClInclude>
    <ClInclude Include="SDK\SDK\CoreUObject_structs.hpp">
      <Filter>Header Files</Filter>
    </ClInclude>
    <ClInclude Include="SDK\SDK\CoreUObject_parameters.hpp">
      <Filter>Header Files</Filter>
    </ClInclude>
    <ClInclude Include="SDK\SDK\Engine_classes.hpp">
      <Filter>Header Files</Filter>
    </ClInclude>
    <ClInclude Include="SDK\SDK\Engine_parameters.hpp">
      <Filter>Header Files</Filter>
    </ClInclude>
    <ClInclude Include="SDK\SDK\Engine_structs.hpp">
      <Filter>Header Files</Filter>
    </ClInclude>
    <ClInclude Include="SDK\SDK\FortniteGame_classes.hpp">
      <Filter>Header Files</Filter>
    </ClInclude>
    <ClInclude Include="SDK\SDK\FortniteGame_structs.hpp">
      <Filter>Header Files</Filter>
    </ClInclude>
    <ClInclude Include="SDK\SDK\FortniteGame_parameters.hpp">
      <Filter>Header Files</Filter>
    </ClInclude>
    <ClInclude Include="FortniteGame\Public\FortGameModeAthena.h">
      <Filter>Header Files</Filter>
    </ClInclude>
    <ClInclude Include="Engine\Public\GameSession.h">
      <Filter>Header Files</Filter>
    </ClInclude>
    <ClInclude Include="Engine\Public\Actor.h">
      <Filter>Header Files</Filter>
    </ClInclude>
    <ClInclude Include="Engine\Public\World.h">
      <Filter>Header Files</Filter>
    </ClInclude>
    <ClInclude Include="includes\memcury.h">
      <Filter>Header Files</Filter>
    </ClInclude>
    <ClInclude Include="Engine\Public\NetDriver.h">
      <Filter>Header Files</Filter>
    </ClInclude>
    <ClInclude Include="Engine\Public\UnrealEngine.h">
      <Filter>Header Files</Filter>
    </ClInclude>
    <ClInclude Include="Replication\Public\Legacy.h">
      <Filter>Header Files</Filter>
    </ClInclude>
    <ClInclude Include="Engine\Public\PlayerController.h">
      <Filter>Header Files</Filter>
    </ClInclude>
    <ClInclude Include="Engine\Public\GameModeBase.h">
      <Filter>Header Files</Filter>
    </ClInclude>
    <ClInclude Include="FortniteGame\Public\FortGameStateComponent.h">
      <Filter>Header Files</Filter>
    </ClInclude>
    <ClInclude Include="FortniteGame\Public\FortInventoryServiceComponent.h">
      <Filter>Header Files</Filter>
    </ClInclude>
    <ClInclude Include="FortniteGame\Public\FortPlayerStateZone.h">
      <Filter>Header Files</Filter>
    </ClInclude>
    <ClInclude Include="FortniteGame\Public\FortControllerComponent_Aircraft.h">
      <Filter>Header Files</Filter>
    </ClInclude>
    <ClInclude Include="FortniteGame\Public\FortPlayerController.h">
      <Filter>Header Files</Filter>
    </ClInclude>
    <ClInclude Include="Engine\Public\AbilitySystemComponent.h">
      <Filter>Header Files</Filter>
    </ClInclude>
    <ClInclude Include="SDK\SDK\GameplayAbilities_classes.hpp">
      <Filter>Header Files</Filter>
    </ClInclude>
    <ClInclude Include="SDK\SDK\GameplayAbilities_parameters.hpp">
      <Filter>Header Files</Filter>
    </ClInclude>
    <ClInclude Include="SDK\SDK\GameplayAbilities_structs.hpp">
      <Filter>Header Files</Filter>
    </ClInclude>
    <ClInclude Include="FortniteGame\Public\FortAbilitySystemComponentAthena.h">
      <Filter>Header Files</Filter>
    </ClInclude>
    <ClInclude Include="FortniteGame\Public\BuildingActor.h">
      <Filter>Header Files</Filter>
    </ClInclude>
    <ClInclude Include="Engine\Public\ThreadHeartBeat.h">
      <Filter>Header Files</Filter>
    </ClInclude>
    <ClInclude Include="SDK\SDK\IrisCore_structs.hpp">
      <Filter>Header Files</Filter>
    </ClInclude>
    <ClInclude Include="SDK\SDK\IrisCore_classes.hpp">
      <Filter>Header Files</Filter>
    </ClInclude>
    <ClInclude Include="Replication\Public\Iris.h">
      <Filter>Header Files</Filter>
    </ClInclude>
    <ClInclude Include="Server\SafeZone.h">
      <Filter>Header Files</Filter>
    </ClInclude>
    <ClInclude Include="FortniteGame\Public\FortLootPackage.h">
      <Filter>Header Files</Filter>
    </ClInclude>
    <ClInclude Include="FortniteGame\Public\BuildingContainer.h">
      <Filter>Header Files</Filter>
    </ClInclude>
    <ClInclude Include="FortniteGame\Public\FortPlayerPawn.h">
      <Filter>Header Files</Filter>
    </ClInclude>
  </ItemGroup>
  <ItemGroup>
    <ClCompile Include="Server\dllmain.cpp">
      <Filter>Source Files</Filter>
    </ClCompile>
    <ClCompile Include="pch.cpp">
      <Filter>Source Files</Filter>
    </ClCompile>
    <ClCompile Include="SDK\SDK\Basic.cpp">
      <Filter>Source Files</Filter>
    </ClCompile>
    <ClCompile Include="SDK\SDK\CoreUObject_functions.cpp">
      <Filter>Source Files</Filter>
    </ClCompile>
    <ClCompile Include="SDK\SDK\Engine_functions.cpp">
      <Filter>Source Files</Filter>
    </ClCompile>
    <ClCompile Include="SDK\SDK\FortniteGame_functions.cpp">
      <Filter>Source Files</Filter>
    </ClCompile>
    <ClCompile Include="FortniteGame\Private\FortGameModeAthena.cpp">
      <Filter>Source Files</Filter>
    </ClCompile>
    <ClCompile Include="Engine\Private\GameSession.cpp">
      <Filter>Source Files</Filter>
    </ClCompile>
    <ClCompile Include="Engine\Private\Actor.cpp">
      <Filter>Source Files</Filter>
    </ClCompile>
    <ClCompile Include="Engine\Private\World.cpp">
      <Filter>Source Files</Filter>
    </ClCompile>
    <ClCompile Include="Engine\Private\UnrealEngine.cpp">
      <Filter>Source Files</Filter>
    </ClCompile>
    <ClCompile Include="Engine\Private\NetDriver.cpp">
      <Filter>Source Files</Filter>
    </ClCompile>
    <ClCompile Include="Replication\Private\Legacy.cpp">
      <Filter>Source Files</Filter>
    </ClCompile>
    <ClCompile Include="Engine\Private\PlayerController.cpp">
      <Filter>Source Files</Filter>
    </ClCompile>
    <ClCompile Include="Engine\Private\GameModeBase.cpp">
      <Filter>Source Files</Filter>
    </ClCompile>
    <ClCompile Include="FortniteGame\Private\FortGameStateComponent.cpp">
      <Filter>Source Files</Filter>
    </ClCompile>
    <ClCompile Include="FortniteGame\Private\FortInventoryServiceComponent.cpp">
      <Filter>Source Files</Filter>
    </ClCompile>
    <ClCompile Include="FortniteGame\Private\FortPlayerStateZone.cpp">
      <Filter>Source Files</Filter>
    </ClCompile>
    <ClCompile Include="FortniteGame\Private\FortControllerComponent_Aircraft.cpp">
      <Filter>Source Files</Filter>
    </ClCompile>
    <ClCompile Include="FortniteGame\Private\FortPlayerController.cpp">
      <Filter>Source Files</Filter>
    </ClCompile>
    <ClCompile Include="Engine\Private\AbilitySystemComponent.cpp">
      <Filter>Source Files</Filter>
    </ClCompile>
    <ClCompile Include="SDK\SDK\GameplayAbilities_functions.cpp">
      <Filter>Source Files</Filter>
    </ClCompile>
    <ClCompile Include="FortniteGame\Private\FortAbilitySystemComponentAthena.cpp">
      <Filter>Source Files</Filter>
    </ClCompile>
    <ClCompile Include="FortniteGame\Private\BuildingActor.cpp">
      <Filter>Source Files</Filter>
    </ClCompile>
    <ClCompile Include="Engine\Private\ThreadHeartBeat.cpp">
      <Filter>Source Files</Filter>
    </ClCompile>
    <ClCompile Include="Replication\Private\Iris.cpp">
      <Filter>Source Files</Filter>
    </ClCompile>
    <ClCompile Include="FortniteGame\Private\FortLootPackage.cpp">
      <Filter>Source Files</Filter>
    </ClCompile>
    <ClCompile Include="FortniteGame\Private\BuildingContainer.cpp">
      <Filter>Source Files</Filter>
    </ClCompile>
    <ClCompile Include="FortniteGame\Private\FortPlayerControllerAthena.cpp">
      <Filter>Source Files</Filter>
    </ClCompile>
    <ClCompile Include="FortniteGame\Public\FortPlayerControllerAthena.h">
      <Filter>Source Files</Filter>
    </ClCompile>
    <ClCompile Include="FortniteGame\Private\FortPlayerPawn.cpp">
      <Filter>Source Files</Filter>
    </ClCompile>
  </ItemGroup>
  <ItemGroup>
    <None Include="SDK\NameCollisions.inl">
      <Filter>Header Files</Filter>
    </None>
  </ItemGroup>
  <ItemGroup>
    <Text Include="SDK\GObjects-Dump-WithProperties.txt" />
    <Text Include="SDK\GObjects-Dump.txt" />
  </ItemGroup>
</Project>